
Microsoft Visual Studio Solution File, Format Version 12.00
# Visual Studio 15
VisualStudioVersion = 15.0.28010.2003
MinimumVisualStudioVersion = 10.0.40219.1
Project("{FAE04EC0-301F-11D3-BF4B-00C04F79EFBC}") = "aspnetcorewebapp", "aspnetcorewebapp\aspnetcorewebapp.csproj", "{81502F9F-2A7D-4123-9B45-446E2C022616}"
EndProject
Global
	GlobalSection(SolutionConfigurationPlatforms) = preSolution
		Debug|Any CPU = Debug|Any CPU
		Release|Any CPU = Release|Any CPU
	EndGlobalSection
	GlobalSection(ProjectConfigurationPlatforms) = postSolution
		{81502F9F-2A7D-4123-9B45-446E2C022616}.Debug|Any CPU.ActiveCfg = Debug|Any CPU
		{81502F9F-2A7D-4123-9B45-446E2C022616}.Debug|Any CPU.Build.0 = Debug|Any CPU
		{81502F9F-2A7D-4123-9B45-446E2C022616}.Release|Any CPU.ActiveCfg = Release|Any CPU
		{81502F9F-2A7D-4123-9B45-446E2C022616}.Release|Any CPU.Build.0 = Release|Any CPU
	EndGlobalSection
	GlobalSection(SolutionProperties) = preSolution
		HideSolutionNode = FALSE
	EndGlobalSection
	GlobalSection(ExtensibilityGlobals) = postSolution
		SolutionGuid = {69EEAE83-5693-4EDF-AA83-586015ADFD64}
	EndGlobalSection
EndGlobal
